
Microsoft Visual Studio Solution File, Format Version 12.00
# Visual Studio Version 17
VisualStudioVersion = 17.4.33122.133
MinimumVisualStudioVersion = 10.0.40219.1
Project("{9A19103F-16F7-4668-BE54-9A1E7A4F7556}") = "KiCAD-DB-Editor", "KiCAD-DB-Editor\KiCAD-DB-Editor.csproj", "{AB2EB832-FFAE-4AC9-9CFB-9954C7E45887}"
EndProject
Global
	GlobalSection(SolutionConfigurationPlatforms) = preSolution
		Debug|Any CPU = Debug|Any CPU
		Release|Any CPU = Release|Any CPU
	EndGlobalSection
	GlobalSection(ProjectConfigurationPlatforms) = postSolution
		{AB2EB832-FFAE-4AC9-9CFB-9954C7E45887}.Debug|Any CPU.ActiveCfg = Debug|Any CPU
		{AB2EB832-FFAE-4AC9-9CFB-9954C7E45887}.Debug|Any CPU.Build.0 = Debug|Any CPU
		{AB2EB832-FFAE-4AC9-9CFB-9954C7E45887}.Release|Any CPU.ActiveCfg = Release|Any CPU
		{AB2EB832-FFAE-4AC9-9CFB-9954C7E45887}.Release|Any CPU.Build.0 = Release|Any CPU
	EndGlobalSection
	GlobalSection(SolutionProperties) = preSolution
		HideSolutionNode = FALSE
	EndGlobalSection
	GlobalSection(ExtensibilityGlobals) = postSolution
		SolutionGuid = {290AADD8-A65A-4BD1-B455-58C49742A668}
	EndGlobalSection
EndGlobal
